
Microsoft Visual Studio Solution File, Format Version 11.00
# Visual Studio 2010
Project("{F184B08F-C81C-45F6-A57F-5ABD9991F28F}") = "Stugrade1", "Stugrade1\Stugrade1.vbproj", "{787E2C83-8BDE-445E-9A67-92850AB6F71B}"
EndProject
Global
	GlobalSection(SolutionConfigurationPlatforms) = preSolution
		Debug|x86 = Debug|x86
		Release|x86 = Release|x86
	EndGlobalSection
	GlobalSection(ProjectConfigurationPlatforms) = postSolution
		{787E2C83-8BDE-445E-9A67-92850AB6F71B}.Debug|x86.ActiveCfg = Debug|x86
		{787E2C83-8BDE-445E-9A67-92850AB6F71B}.Debug|x86.Build.0 = Debug|x86
		{787E2C83-8BDE-445E-9A67-92850AB6F71B}.Release|x86.ActiveCfg = Release|x86
		{787E2C83-8BDE-445E-9A67-92850AB6F71B}.Release|x86.Build.0 = Release|x86
	EndGlobalSection
	GlobalSection(SolutionProperties) = preSolution
		HideSolutionNode = FALSE
	EndGlobalSection
EndGlobal
