
Microsoft Visual Studio Solution File, Format Version 11.00
# Visual Studio 2010
Project("{F184B08F-C81C-45F6-A57F-5ABD9991F28F}") = "Loop3", "Loop3\Loop3.vbproj", "{0539A27E-C3CD-4FC6-A9B0-EF9BA6678BFB}"
EndProject
Global
	GlobalSection(SolutionConfigurationPlatforms) = preSolution
		Debug|x86 = Debug|x86
		Release|x86 = Release|x86
	EndGlobalSection
	GlobalSection(ProjectConfigurationPlatforms) = postSolution
		{0539A27E-C3CD-4FC6-A9B0-EF9BA6678BFB}.Debug|x86.ActiveCfg = Debug|x86
		{0539A27E-C3CD-4FC6-A9B0-EF9BA6678BFB}.Debug|x86.Build.0 = Debug|x86
		{0539A27E-C3CD-4FC6-A9B0-EF9BA6678BFB}.Release|x86.ActiveCfg = Release|x86
		{0539A27E-C3CD-4FC6-A9B0-EF9BA6678BFB}.Release|x86.Build.0 = Release|x86
	EndGlobalSection
	GlobalSection(SolutionProperties) = preSolution
		HideSolutionNode = FALSE
	EndGlobalSection
EndGlobal
