
Microsoft Visual Studio Solution File, Format Version 11.00
# Visual Studio 2010
Project("{F184B08F-C81C-45F6-A57F-5ABD9991F28F}") = "MyFirstPrg", "MyFirstPrg\MyFirstPrg.vbproj", "{9F747752-FE28-4387-BC1B-BF512075FB60}"
EndProject
Global
	GlobalSection(SolutionConfigurationPlatforms) = preSolution
		Debug|x86 = Debug|x86
		Release|x86 = Release|x86
	EndGlobalSection
	GlobalSection(ProjectConfigurationPlatforms) = postSolution
		{9F747752-FE28-4387-BC1B-BF512075FB60}.Debug|x86.ActiveCfg = Debug|x86
		{9F747752-FE28-4387-BC1B-BF512075FB60}.Debug|x86.Build.0 = Debug|x86
		{9F747752-FE28-4387-BC1B-BF512075FB60}.Release|x86.ActiveCfg = Release|x86
		{9F747752-FE28-4387-BC1B-BF512075FB60}.Release|x86.Build.0 = Release|x86
	EndGlobalSection
	GlobalSection(SolutionProperties) = preSolution
		HideSolutionNode = FALSE
	EndGlobalSection
EndGlobal
