
Microsoft Visual Studio Solution File, Format Version 11.00
# Visual Studio 2010
Project("{F184B08F-C81C-45F6-A57F-5ABD9991F28F}") = "Array4", "Array4\Array4.vbproj", "{A5C12E26-8D64-4E40-A5A4-9BAF2CB82A32}"
EndProject
Global
	GlobalSection(SolutionConfigurationPlatforms) = preSolution
		Debug|x86 = Debug|x86
		Release|x86 = Release|x86
	EndGlobalSection
	GlobalSection(ProjectConfigurationPlatforms) = postSolution
		{A5C12E26-8D64-4E40-A5A4-9BAF2CB82A32}.Debug|x86.ActiveCfg = Debug|x86
		{A5C12E26-8D64-4E40-A5A4-9BAF2CB82A32}.Debug|x86.Build.0 = Debug|x86
		{A5C12E26-8D64-4E40-A5A4-9BAF2CB82A32}.Release|x86.ActiveCfg = Release|x86
		{A5C12E26-8D64-4E40-A5A4-9BAF2CB82A32}.Release|x86.Build.0 = Release|x86
	EndGlobalSection
	GlobalSection(SolutionProperties) = preSolution
		HideSolutionNode = FALSE
	EndGlobalSection
EndGlobal
